
Microsoft Visual Studio Solution File, Format Version 12.00
Project("{2150E333-8FDC-42A3-9474-1A3956D46DE8}") = "tests", "tests", "{6ABCC636-0AD9-4C5C-BBC9-39F5035151FF}"
EndProject
Project("{2150E333-8FDC-42A3-9474-1A3956D46DE8}") = "src", "src", "{505CBB39-75DC-4CA3-97FB-D9CD774DCBAD}"
EndProject
Project("{FAE04EC0-301F-11D3-BF4B-00C04F79EFBC}") = "Nexile.Infrastructure.Tests.Integration", "Nexile.Infrastructure.Tests.Integration\Nexile.Infrastructure.Tests.Integration.csproj", "{95F90792-61F0-44DA-8CFA-66C44C03E081}"
EndProject
Project("{FAE04EC0-301F-11D3-BF4B-00C04F79EFBC}") = "Nexile.Tests.Common", "Nexile.Tests.Common\Nexile.Tests.Common.csproj", "{69950A79-876F-4F63-B965-3C0623AE5EB6}"
EndProject
Project("{FAE04EC0-301F-11D3-BF4B-00C04F79EFBC}") = "Nexile.PathOfExile.Core", "Nexile.PathOfExile.Core\Nexile.PathOfExile.Core.csproj", "{D010FEC6-65F3-464B-B35E-FCAB1EBB49A8}"
EndProject
Project("{FAE04EC0-301F-11D3-BF4B-00C04F79EFBC}") = "Nexile.PoeNinja.Core", "Nexile.PoeNinja.Core\Nexile.PoeNinja.Core.csproj", "{1EDD3B90-C349-471E-9053-EA8F12DAF339}"
EndProject
Project("{FAE04EC0-301F-11D3-BF4B-00C04F79EFBC}") = "Nexile.PathOfExile", "Nexile.PathOfExile\Nexile.PathOfExile.csproj", "{0D413CC4-73FE-46D0-AC6E-F057B81E0D0D}"
EndProject
Project("{FAE04EC0-301F-11D3-BF4B-00C04F79EFBC}") = "Nexile.Common", "Nexile.Common\Nexile.Common.csproj", "{D4CF0E12-69C2-47FC-A1C4-C3FC9DC6EE91}"
EndProject
Project("{FAE04EC0-301F-11D3-BF4B-00C04F79EFBC}") = "Nexile.PoeNinja", "Nexile.PoeNinja\Nexile.PoeNinja.csproj", "{28CD1813-0688-4258-8345-437AA323A95E}"
EndProject
Project("{2150E333-8FDC-42A3-9474-1A3956D46DE8}") = "Path Of Exile", "Path Of Exile", "{2D66EF4E-A020-494B-8AFF-7E1719FADED5}"
EndProject
Project("{2150E333-8FDC-42A3-9474-1A3956D46DE8}") = "Poe Ninja", "Poe Ninja", "{2BDEBA44-25CE-4E42-8392-F5D3B353296E}"
EndProject
Project("{2150E333-8FDC-42A3-9474-1A3956D46DE8}") = " Desktop", " Desktop", "{687A502D-672B-46B4-BF00-BF0E147BAB9F}"
EndProject
Project("{FAE04EC0-301F-11D3-BF4B-00C04F79EFBC}") = "Nexile.DependencyInjection", "Nexile.DependencyInjection\Nexile.DependencyInjection.csproj", "{5B2EE900-AF16-440B-A763-5FE690D6AE62}"
EndProject
Global
	GlobalSection(SolutionConfigurationPlatforms) = preSolution
		Debug|Any CPU = Debug|Any CPU
		Release|Any CPU = Release|Any CPU
	EndGlobalSection
	GlobalSection(ProjectConfigurationPlatforms) = postSolution
		{95F90792-61F0-44DA-8CFA-66C44C03E081}.Debug|Any CPU.ActiveCfg = Debug|Any CPU
		{95F90792-61F0-44DA-8CFA-66C44C03E081}.Debug|Any CPU.Build.0 = Debug|Any CPU
		{95F90792-61F0-44DA-8CFA-66C44C03E081}.Release|Any CPU.ActiveCfg = Release|Any CPU
		{95F90792-61F0-44DA-8CFA-66C44C03E081}.Release|Any CPU.Build.0 = Release|Any CPU
		{69950A79-876F-4F63-B965-3C0623AE5EB6}.Debug|Any CPU.ActiveCfg = Debug|Any CPU
		{69950A79-876F-4F63-B965-3C0623AE5EB6}.Debug|Any CPU.Build.0 = Debug|Any CPU
		{69950A79-876F-4F63-B965-3C0623AE5EB6}.Release|Any CPU.ActiveCfg = Release|Any CPU
		{69950A79-876F-4F63-B965-3C0623AE5EB6}.Release|Any CPU.Build.0 = Release|Any CPU
		{D010FEC6-65F3-464B-B35E-FCAB1EBB49A8}.Debug|Any CPU.ActiveCfg = Debug|Any CPU
		{D010FEC6-65F3-464B-B35E-FCAB1EBB49A8}.Debug|Any CPU.Build.0 = Debug|Any CPU
		{D010FEC6-65F3-464B-B35E-FCAB1EBB49A8}.Release|Any CPU.ActiveCfg = Release|Any CPU
		{D010FEC6-65F3-464B-B35E-FCAB1EBB49A8}.Release|Any CPU.Build.0 = Release|Any CPU
		{1EDD3B90-C349-471E-9053-EA8F12DAF339}.Debug|Any CPU.ActiveCfg = Debug|Any CPU
		{1EDD3B90-C349-471E-9053-EA8F12DAF339}.Debug|Any CPU.Build.0 = Debug|Any CPU
		{1EDD3B90-C349-471E-9053-EA8F12DAF339}.Release|Any CPU.ActiveCfg = Release|Any CPU
		{1EDD3B90-C349-471E-9053-EA8F12DAF339}.Release|Any CPU.Build.0 = Release|Any CPU
		{0D413CC4-73FE-46D0-AC6E-F057B81E0D0D}.Debug|Any CPU.ActiveCfg = Debug|Any CPU
		{0D413CC4-73FE-46D0-AC6E-F057B81E0D0D}.Debug|Any CPU.Build.0 = Debug|Any CPU
		{0D413CC4-73FE-46D0-AC6E-F057B81E0D0D}.Release|Any CPU.ActiveCfg = Release|Any CPU
		{0D413CC4-73FE-46D0-AC6E-F057B81E0D0D}.Release|Any CPU.Build.0 = Release|Any CPU
		{D4CF0E12-69C2-47FC-A1C4-C3FC9DC6EE91}.Debug|Any CPU.ActiveCfg = Debug|Any CPU
		{D4CF0E12-69C2-47FC-A1C4-C3FC9DC6EE91}.Debug|Any CPU.Build.0 = Debug|Any CPU
		{D4CF0E12-69C2-47FC-A1C4-C3FC9DC6EE91}.Release|Any CPU.ActiveCfg = Release|Any CPU
		{D4CF0E12-69C2-47FC-A1C4-C3FC9DC6EE91}.Release|Any CPU.Build.0 = Release|Any CPU
		{28CD1813-0688-4258-8345-437AA323A95E}.Debug|Any CPU.ActiveCfg = Debug|Any CPU
		{28CD1813-0688-4258-8345-437AA323A95E}.Debug|Any CPU.Build.0 = Debug|Any CPU
		{28CD1813-0688-4258-8345-437AA323A95E}.Release|Any CPU.ActiveCfg = Release|Any CPU
		{28CD1813-0688-4258-8345-437AA323A95E}.Release|Any CPU.Build.0 = Release|Any CPU
		{5B2EE900-AF16-440B-A763-5FE690D6AE62}.Debug|Any CPU.ActiveCfg = Debug|Any CPU
		{5B2EE900-AF16-440B-A763-5FE690D6AE62}.Debug|Any CPU.Build.0 = Debug|Any CPU
		{5B2EE900-AF16-440B-A763-5FE690D6AE62}.Release|Any CPU.ActiveCfg = Release|Any CPU
		{5B2EE900-AF16-440B-A763-5FE690D6AE62}.Release|Any CPU.Build.0 = Release|Any CPU
	EndGlobalSection
	GlobalSection(NestedProjects) = preSolution
		{95F90792-61F0-44DA-8CFA-66C44C03E081} = {6ABCC636-0AD9-4C5C-BBC9-39F5035151FF}
		{69950A79-876F-4F63-B965-3C0623AE5EB6} = {6ABCC636-0AD9-4C5C-BBC9-39F5035151FF}
		{D4CF0E12-69C2-47FC-A1C4-C3FC9DC6EE91} = {505CBB39-75DC-4CA3-97FB-D9CD774DCBAD}
		{2D66EF4E-A020-494B-8AFF-7E1719FADED5} = {505CBB39-75DC-4CA3-97FB-D9CD774DCBAD}
		{0D413CC4-73FE-46D0-AC6E-F057B81E0D0D} = {2D66EF4E-A020-494B-8AFF-7E1719FADED5}
		{D010FEC6-65F3-464B-B35E-FCAB1EBB49A8} = {2D66EF4E-A020-494B-8AFF-7E1719FADED5}
		{2BDEBA44-25CE-4E42-8392-F5D3B353296E} = {505CBB39-75DC-4CA3-97FB-D9CD774DCBAD}
		{28CD1813-0688-4258-8345-437AA323A95E} = {2BDEBA44-25CE-4E42-8392-F5D3B353296E}
		{1EDD3B90-C349-471E-9053-EA8F12DAF339} = {2BDEBA44-25CE-4E42-8392-F5D3B353296E}
		{687A502D-672B-46B4-BF00-BF0E147BAB9F} = {505CBB39-75DC-4CA3-97FB-D9CD774DCBAD}
		{5B2EE900-AF16-440B-A763-5FE690D6AE62} = {505CBB39-75DC-4CA3-97FB-D9CD774DCBAD}
	EndGlobalSection
EndGlobal
